
Microsoft Visual Studio Solution File, Format Version 12.00
# Visual Studio Version 17
VisualStudioVersion = 17.3.32929.385
MinimumVisualStudioVersion = 10.0.40219.1
Project("{2150E333-8FDC-42A3-9474-1A3956D46DE8}") = "VlimsAPIs", "VlimsAPIs", "{C7580137-F231-47F8-ACC7-39ACD3BEEA1E}"
EndProject
Project("{2150E333-8FDC-42A3-9474-1A3956D46DE8}") = "DocumentMaster", "DocumentMaster", "{B9002880-EC92-4102-897F-1A81D65E2063}"
EndProject
Project("{9A19103F-16F7-4668-BE54-9A1E7A4F7556}") = "Vlims.DocumentMaster", "Vlims.DocumentMaster\Vlims.DocumentMaster.csproj", "{BE5519AA-FB0C-4A71-8016-D418EAC93814}"
EndProject
Project("{9A19103F-16F7-4668-BE54-9A1E7A4F7556}") = "Vlims.DocumentMaster.Manager", "Vlims.DocumentMaster.Manager\Vlims.DocumentMaster.Manager.csproj", "{79C206B4-C0A2-425C-89A5-B3A51987ADB9}"
EndProject
Project("{9A19103F-16F7-4668-BE54-9A1E7A4F7556}") = "Vlims.DocumentMaster.Entities", "Vlims.DocumentMaster.Entities\Vlims.DocumentMaster.Entities.csproj", "{4C235386-F22A-48FA-9961-3326D9EDA69F}"
EndProject
Project("{2150E333-8FDC-42A3-9474-1A3956D46DE8}") = "Common", "Common", "{ED1F7CA0-BCF0-4FF6-B938-A8A60BBEA0E7}"
EndProject
Project("{9A19103F-16F7-4668-BE54-9A1E7A4F7556}") = "Vlims.Common", "Vlims.Common\Vlims.Common.csproj", "{089D4E85-79E4-4237-92D6-F2AA12C93492}"
EndProject
Project("{9A19103F-16F7-4668-BE54-9A1E7A4F7556}") = "Vlims.DocumentMaster.DataAccess", "Vlims.DocumentMaster.DataAccess\Vlims.DocumentMaster.DataAccess.csproj", "{8FC58053-BF0A-4E9F-B023-4E19DACBB3CD}"
EndProject
Project("{2150E333-8FDC-42A3-9474-1A3956D46DE8}") = "DocumentManager", "DocumentManager", "{505000F8-7DAD-4C23-9E06-D46CA499AA68}"
EndProject
Project("{9A19103F-16F7-4668-BE54-9A1E7A4F7556}") = "Vlims.DocumentManager.Entities", "Vlims.DocumentManager.Entities\Vlims.DocumentManager.Entities.csproj", "{8C6990B7-C6CC-4363-A75F-E49C2D9B6B1A}"
EndProject
Project("{9A19103F-16F7-4668-BE54-9A1E7A4F7556}") = "Vlims.DocumentManager.Manager", "Vlims.DocumentManager.Manager\Vlims.DocumentManager.Manager.csproj", "{0EF27BE0-DE76-4441-8536-711D96774A69}"
EndProject
Project("{9A19103F-16F7-4668-BE54-9A1E7A4F7556}") = "Vlims.DocumentManager.DataAccess", "Vlims.DocumentManager.DataAccess\Vlims.DocumentManager.DataAccess.csproj", "{557A3AF5-8254-45D7-90F3-1789526693D1}"
EndProject
Project("{9A19103F-16F7-4668-BE54-9A1E7A4F7556}") = "Vlims.DocumentManager", "Vlims.DocumentManager\Vlims.DocumentManager.csproj", "{526FF801-C1FE-49CE-BCC9-16C87964F80D}"
EndProject
Project("{2150E333-8FDC-42A3-9474-1A3956D46DE8}") = "DocumentRespository", "DocumentRespository", "{B7FA4AD7-17C0-4C11-B04A-B95174FA3270}"
EndProject
Project("{2150E333-8FDC-42A3-9474-1A3956D46DE8}") = "Administration", "Administration", "{FB65809A-B460-4262-A330-2E34C9B49994}"
EndProject
Project("{2150E333-8FDC-42A3-9474-1A3956D46DE8}") = "Reports", "Reports", "{3BA47D20-71DD-4BC2-BBF7-08E5336A468A}"
EndProject
Project("{9A19103F-16F7-4668-BE54-9A1E7A4F7556}") = "Vlims.DocumentRepository.Entities", "Vlims.DocumentRepository.Entities\Vlims.DocumentRepository.Entities.csproj", "{4E102728-A339-4E51-B81C-86653D81A86C}"
EndProject
Project("{9A19103F-16F7-4668-BE54-9A1E7A4F7556}") = "Vlims.DocumentRepository.Manager", "Vlims.DocumentRepository.Manager\Vlims.DocumentRepository.Manager.csproj", "{9729FB7E-D7B7-4EDD-8FB5-A861A6D7149E}"
EndProject
Project("{9A19103F-16F7-4668-BE54-9A1E7A4F7556}") = "Vlims.DocumentRepository.DataAccess", "Vlims.DocumentRepository.DataAccess\Vlims.DocumentRepository.DataAccess.csproj", "{92CE6E51-1E1B-42BE-B661-BBA48203132B}"
EndProject
Project("{9A19103F-16F7-4668-BE54-9A1E7A4F7556}") = "Vlims.DocumentRepository", "Vlims.DocumentRepository\Vlims.DocumentRepository.csproj", "{5754C89A-F07F-4B84-810C-F2848AE6AB67}"
EndProject
Project("{9A19103F-16F7-4668-BE54-9A1E7A4F7556}") = "Vlims.Administration.Entities", "Vlims.Administration.Entities\Vlims.Administration.Entities.csproj", "{C43B0A8A-5824-4D23-AB82-3B49D80921F2}"
EndProject
Project("{9A19103F-16F7-4668-BE54-9A1E7A4F7556}") = "Vlims.Administration.Manager", "Vlims.Administration.Manager\Vlims.Administration.Manager.csproj", "{50E16672-4859-4095-93D6-3B10A075DBE3}"
EndProject
Project("{9A19103F-16F7-4668-BE54-9A1E7A4F7556}") = "Vlims.Administration.DataAccess", "Vlims.Administration.DataAccess\Vlims.Administration.DataAccess.csproj", "{4A4B2964-C6E3-4838-A660-046053804AB7}"
EndProject
Project("{9A19103F-16F7-4668-BE54-9A1E7A4F7556}") = "Vlims.Administration", "Vlims.Administration\Vlims.Administration.csproj", "{FF4B3BA7-F759-4F78-A66B-82636C50D07D}"
EndProject
Project("{9A19103F-16F7-4668-BE54-9A1E7A4F7556}") = "Vlims.Reports", "Vlims.Reports\Vlims.Reports.csproj", "{FEDE39D2-E01B-472F-BF76-0C414B70D147}"
EndProject
Project("{9A19103F-16F7-4668-BE54-9A1E7A4F7556}") = "VlimsWeb", "VlimsWeb\VlimsWeb.csproj", "{DD41009A-2D1B-46E4-A7C0-408082CC7E20}"
EndProject
Project("{00D1A9C2-B5F0-4AF3-8072-F6C62B433612}") = "Vlims.Database", "Vlims.Database\Vlims.Database.sqlproj", "{AE1A4C20-28F0-46A4-9FFF-B119C6C24BC2}"
EndProject
Project("{9A19103F-16F7-4668-BE54-9A1E7A4F7556}") = "VlimsApp", "VlimsApp\VlimsApp.csproj", "{2245EBBE-81D1-482A-8EB1-C1484B854E97}"
EndProject
Global
	GlobalSection(SolutionConfigurationPlatforms) = preSolution
		Debug|Any CPU = Debug|Any CPU
		Release|Any CPU = Release|Any CPU
	EndGlobalSection
	GlobalSection(ProjectConfigurationPlatforms) = postSolution
		{BE5519AA-FB0C-4A71-8016-D418EAC93814}.Debug|Any CPU.ActiveCfg = Debug|Any CPU
		{BE5519AA-FB0C-4A71-8016-D418EAC93814}.Debug|Any CPU.Build.0 = Debug|Any CPU
		{BE5519AA-FB0C-4A71-8016-D418EAC93814}.Release|Any CPU.ActiveCfg = Release|Any CPU
		{BE5519AA-FB0C-4A71-8016-D418EAC93814}.Release|Any CPU.Build.0 = Release|Any CPU
		{79C206B4-C0A2-425C-89A5-B3A51987ADB9}.Debug|Any CPU.ActiveCfg = Debug|Any CPU
		{79C206B4-C0A2-425C-89A5-B3A51987ADB9}.Debug|Any CPU.Build.0 = Debug|Any CPU
		{79C206B4-C0A2-425C-89A5-B3A51987ADB9}.Release|Any CPU.ActiveCfg = Release|Any CPU
		{79C206B4-C0A2-425C-89A5-B3A51987ADB9}.Release|Any CPU.Build.0 = Release|Any CPU
		{4C235386-F22A-48FA-9961-3326D9EDA69F}.Debug|Any CPU.ActiveCfg = Debug|Any CPU
		{4C235386-F22A-48FA-9961-3326D9EDA69F}.Debug|Any CPU.Build.0 = Debug|Any CPU
		{4C235386-F22A-48FA-9961-3326D9EDA69F}.Release|Any CPU.ActiveCfg = Release|Any CPU
		{4C235386-F22A-48FA-9961-3326D9EDA69F}.Release|Any CPU.Build.0 = Release|Any CPU
		{089D4E85-79E4-4237-92D6-F2AA12C93492}.Debug|Any CPU.ActiveCfg = Debug|Any CPU
		{089D4E85-79E4-4237-92D6-F2AA12C93492}.Debug|Any CPU.Build.0 = Debug|Any CPU
		{089D4E85-79E4-4237-92D6-F2AA12C93492}.Release|Any CPU.ActiveCfg = Release|Any CPU
		{089D4E85-79E4-4237-92D6-F2AA12C93492}.Release|Any CPU.Build.0 = Release|Any CPU
		{8FC58053-BF0A-4E9F-B023-4E19DACBB3CD}.Debug|Any CPU.ActiveCfg = Debug|Any CPU
		{8FC58053-BF0A-4E9F-B023-4E19DACBB3CD}.Debug|Any CPU.Build.0 = Debug|Any CPU
		{8FC58053-BF0A-4E9F-B023-4E19DACBB3CD}.Release|Any CPU.ActiveCfg = Release|Any CPU
		{8FC58053-BF0A-4E9F-B023-4E19DACBB3CD}.Release|Any CPU.Build.0 = Release|Any CPU
		{8C6990B7-C6CC-4363-A75F-E49C2D9B6B1A}.Debug|Any CPU.ActiveCfg = Debug|Any CPU
		{8C6990B7-C6CC-4363-A75F-E49C2D9B6B1A}.Debug|Any CPU.Build.0 = Debug|Any CPU
		{8C6990B7-C6CC-4363-A75F-E49C2D9B6B1A}.Release|Any CPU.ActiveCfg = Release|Any CPU
		{8C6990B7-C6CC-4363-A75F-E49C2D9B6B1A}.Release|Any CPU.Build.0 = Release|Any CPU
		{0EF27BE0-DE76-4441-8536-711D96774A69}.Debug|Any CPU.ActiveCfg = Debug|Any CPU
		{0EF27BE0-DE76-4441-8536-711D96774A69}.Debug|Any CPU.Build.0 = Debug|Any CPU
		{0EF27BE0-DE76-4441-8536-711D96774A69}.Release|Any CPU.ActiveCfg = Release|Any CPU
		{0EF27BE0-DE76-4441-8536-711D96774A69}.Release|Any CPU.Build.0 = Release|Any CPU
		{557A3AF5-8254-45D7-90F3-1789526693D1}.Debug|Any CPU.ActiveCfg = Debug|Any CPU
		{557A3AF5-8254-45D7-90F3-1789526693D1}.Debug|Any CPU.Build.0 = Debug|Any CPU
		{557A3AF5-8254-45D7-90F3-1789526693D1}.Release|Any CPU.ActiveCfg = Release|Any CPU
		{557A3AF5-8254-45D7-90F3-1789526693D1}.Release|Any CPU.Build.0 = Release|Any CPU
		{526FF801-C1FE-49CE-BCC9-16C87964F80D}.Debug|Any CPU.ActiveCfg = Debug|Any CPU
		{526FF801-C1FE-49CE-BCC9-16C87964F80D}.Debug|Any CPU.Build.0 = Debug|Any CPU
		{526FF801-C1FE-49CE-BCC9-16C87964F80D}.Release|Any CPU.ActiveCfg = Release|Any CPU
		{526FF801-C1FE-49CE-BCC9-16C87964F80D}.Release|Any CPU.Build.0 = Release|Any CPU
		{4E102728-A339-4E51-B81C-86653D81A86C}.Debug|Any CPU.ActiveCfg = Debug|Any CPU
		{4E102728-A339-4E51-B81C-86653D81A86C}.Debug|Any CPU.Build.0 = Debug|Any CPU
		{4E102728-A339-4E51-B81C-86653D81A86C}.Release|Any CPU.ActiveCfg = Release|Any CPU
		{4E102728-A339-4E51-B81C-86653D81A86C}.Release|Any CPU.Build.0 = Release|Any CPU
		{9729FB7E-D7B7-4EDD-8FB5-A861A6D7149E}.Debug|Any CPU.ActiveCfg = Debug|Any CPU
		{9729FB7E-D7B7-4EDD-8FB5-A861A6D7149E}.Debug|Any CPU.Build.0 = Debug|Any CPU
		{9729FB7E-D7B7-4EDD-8FB5-A861A6D7149E}.Release|Any CPU.ActiveCfg = Release|Any CPU
		{9729FB7E-D7B7-4EDD-8FB5-A861A6D7149E}.Release|Any CPU.Build.0 = Release|Any CPU
		{92CE6E51-1E1B-42BE-B661-BBA48203132B}.Debug|Any CPU.ActiveCfg = Debug|Any CPU
		{92CE6E51-1E1B-42BE-B661-BBA48203132B}.Debug|Any CPU.Build.0 = Debug|Any CPU
		{92CE6E51-1E1B-42BE-B661-BBA48203132B}.Release|Any CPU.ActiveCfg = Release|Any CPU
		{92CE6E51-1E1B-42BE-B661-BBA48203132B}.Release|Any CPU.Build.0 = Release|Any CPU
		{5754C89A-F07F-4B84-810C-F2848AE6AB67}.Debug|Any CPU.ActiveCfg = Debug|Any CPU
		{5754C89A-F07F-4B84-810C-F2848AE6AB67}.Debug|Any CPU.Build.0 = Debug|Any CPU
		{5754C89A-F07F-4B84-810C-F2848AE6AB67}.Release|Any CPU.ActiveCfg = Release|Any CPU
		{5754C89A-F07F-4B84-810C-F2848AE6AB67}.Release|Any CPU.Build.0 = Release|Any CPU
		{C43B0A8A-5824-4D23-AB82-3B49D80921F2}.Debug|Any CPU.ActiveCfg = Debug|Any CPU
		{C43B0A8A-5824-4D23-AB82-3B49D80921F2}.Debug|Any CPU.Build.0 = Debug|Any CPU
		{C43B0A8A-5824-4D23-AB82-3B49D80921F2}.Release|Any CPU.ActiveCfg = Release|Any CPU
		{C43B0A8A-5824-4D23-AB82-3B49D80921F2}.Release|Any CPU.Build.0 = Release|Any CPU
		{50E16672-4859-4095-93D6-3B10A075DBE3}.Debug|Any CPU.ActiveCfg = Debug|Any CPU
		{50E16672-4859-4095-93D6-3B10A075DBE3}.Debug|Any CPU.Build.0 = Debug|Any CPU
		{50E16672-4859-4095-93D6-3B10A075DBE3}.Release|Any CPU.ActiveCfg = Release|Any CPU
		{50E16672-4859-4095-93D6-3B10A075DBE3}.Release|Any CPU.Build.0 = Release|Any CPU
		{4A4B2964-C6E3-4838-A660-046053804AB7}.Debug|Any CPU.ActiveCfg = Debug|Any CPU
		{4A4B2964-C6E3-4838-A660-046053804AB7}.Debug|Any CPU.Build.0 = Debug|Any CPU
		{4A4B2964-C6E3-4838-A660-046053804AB7}.Release|Any CPU.ActiveCfg = Release|Any CPU
		{4A4B2964-C6E3-4838-A660-046053804AB7}.Release|Any CPU.Build.0 = Release|Any CPU
		{FF4B3BA7-F759-4F78-A66B-82636C50D07D}.Debug|Any CPU.ActiveCfg = Debug|Any CPU
		{FF4B3BA7-F759-4F78-A66B-82636C50D07D}.Debug|Any CPU.Build.0 = Debug|Any CPU
		{FF4B3BA7-F759-4F78-A66B-82636C50D07D}.Release|Any CPU.ActiveCfg = Release|Any CPU
		{FF4B3BA7-F759-4F78-A66B-82636C50D07D}.Release|Any CPU.Build.0 = Release|Any CPU
		{FEDE39D2-E01B-472F-BF76-0C414B70D147}.Debug|Any CPU.ActiveCfg = Debug|Any CPU
		{FEDE39D2-E01B-472F-BF76-0C414B70D147}.Debug|Any CPU.Build.0 = Debug|Any CPU
		{FEDE39D2-E01B-472F-BF76-0C414B70D147}.Release|Any CPU.ActiveCfg = Release|Any CPU
		{FEDE39D2-E01B-472F-BF76-0C414B70D147}.Release|Any CPU.Build.0 = Release|Any CPU
		{DD41009A-2D1B-46E4-A7C0-408082CC7E20}.Debug|Any CPU.ActiveCfg = Debug|Any CPU
		{DD41009A-2D1B-46E4-A7C0-408082CC7E20}.Debug|Any CPU.Build.0 = Debug|Any CPU
		{DD41009A-2D1B-46E4-A7C0-408082CC7E20}.Release|Any CPU.ActiveCfg = Release|Any CPU
		{DD41009A-2D1B-46E4-A7C0-408082CC7E20}.Release|Any CPU.Build.0 = Release|Any CPU
		{AE1A4C20-28F0-46A4-9FFF-B119C6C24BC2}.Debug|Any CPU.ActiveCfg = Debug|Any CPU
		{AE1A4C20-28F0-46A4-9FFF-B119C6C24BC2}.Debug|Any CPU.Build.0 = Debug|Any CPU
		{AE1A4C20-28F0-46A4-9FFF-B119C6C24BC2}.Debug|Any CPU.Deploy.0 = Debug|Any CPU
		{AE1A4C20-28F0-46A4-9FFF-B119C6C24BC2}.Release|Any CPU.ActiveCfg = Release|Any CPU
		{AE1A4C20-28F0-46A4-9FFF-B119C6C24BC2}.Release|Any CPU.Build.0 = Release|Any CPU
		{AE1A4C20-28F0-46A4-9FFF-B119C6C24BC2}.Release|Any CPU.Deploy.0 = Release|Any CPU
		{2245EBBE-81D1-482A-8EB1-C1484B854E97}.Debug|Any CPU.ActiveCfg = Debug|Any CPU
		{2245EBBE-81D1-482A-8EB1-C1484B854E97}.Debug|Any CPU.Build.0 = Debug|Any CPU
		{2245EBBE-81D1-482A-8EB1-C1484B854E97}.Release|Any CPU.ActiveCfg = Release|Any CPU
		{2245EBBE-81D1-482A-8EB1-C1484B854E97}.Release|Any CPU.Build.0 = Release|Any CPU
	EndGlobalSection
	GlobalSection(SolutionProperties) = preSolution
		HideSolutionNode = FALSE
	EndGlobalSection
	GlobalSection(NestedProjects) = preSolution
		{B9002880-EC92-4102-897F-1A81D65E2063} = {C7580137-F231-47F8-ACC7-39ACD3BEEA1E}
		{BE5519AA-FB0C-4A71-8016-D418EAC93814} = {B9002880-EC92-4102-897F-1A81D65E2063}
		{79C206B4-C0A2-425C-89A5-B3A51987ADB9} = {B9002880-EC92-4102-897F-1A81D65E2063}
		{4C235386-F22A-48FA-9961-3326D9EDA69F} = {B9002880-EC92-4102-897F-1A81D65E2063}
		{ED1F7CA0-BCF0-4FF6-B938-A8A60BBEA0E7} = {C7580137-F231-47F8-ACC7-39ACD3BEEA1E}
		{089D4E85-79E4-4237-92D6-F2AA12C93492} = {ED1F7CA0-BCF0-4FF6-B938-A8A60BBEA0E7}
		{8FC58053-BF0A-4E9F-B023-4E19DACBB3CD} = {B9002880-EC92-4102-897F-1A81D65E2063}
		{505000F8-7DAD-4C23-9E06-D46CA499AA68} = {C7580137-F231-47F8-ACC7-39ACD3BEEA1E}
		{8C6990B7-C6CC-4363-A75F-E49C2D9B6B1A} = {505000F8-7DAD-4C23-9E06-D46CA499AA68}
		{0EF27BE0-DE76-4441-8536-711D96774A69} = {505000F8-7DAD-4C23-9E06-D46CA499AA68}
		{557A3AF5-8254-45D7-90F3-1789526693D1} = {505000F8-7DAD-4C23-9E06-D46CA499AA68}
		{526FF801-C1FE-49CE-BCC9-16C87964F80D} = {505000F8-7DAD-4C23-9E06-D46CA499AA68}
		{B7FA4AD7-17C0-4C11-B04A-B95174FA3270} = {C7580137-F231-47F8-ACC7-39ACD3BEEA1E}
		{FB65809A-B460-4262-A330-2E34C9B49994} = {C7580137-F231-47F8-ACC7-39ACD3BEEA1E}
		{3BA47D20-71DD-4BC2-BBF7-08E5336A468A} = {C7580137-F231-47F8-ACC7-39ACD3BEEA1E}
		{4E102728-A339-4E51-B81C-86653D81A86C} = {B7FA4AD7-17C0-4C11-B04A-B95174FA3270}
		{9729FB7E-D7B7-4EDD-8FB5-A861A6D7149E} = {B7FA4AD7-17C0-4C11-B04A-B95174FA3270}
		{92CE6E51-1E1B-42BE-B661-BBA48203132B} = {B7FA4AD7-17C0-4C11-B04A-B95174FA3270}
		{5754C89A-F07F-4B84-810C-F2848AE6AB67} = {B7FA4AD7-17C0-4C11-B04A-B95174FA3270}
		{C43B0A8A-5824-4D23-AB82-3B49D80921F2} = {FB65809A-B460-4262-A330-2E34C9B49994}
		{50E16672-4859-4095-93D6-3B10A075DBE3} = {FB65809A-B460-4262-A330-2E34C9B49994}
		{4A4B2964-C6E3-4838-A660-046053804AB7} = {FB65809A-B460-4262-A330-2E34C9B49994}
		{FF4B3BA7-F759-4F78-A66B-82636C50D07D} = {FB65809A-B460-4262-A330-2E34C9B49994}
		{FEDE39D2-E01B-472F-BF76-0C414B70D147} = {3BA47D20-71DD-4BC2-BBF7-08E5336A468A}
	EndGlobalSection
	GlobalSection(ExtensibilityGlobals) = postSolution
		SolutionGuid = {554D06BC-53F6-4406-B872-E50D3B2E5020}
	EndGlobalSection
EndGlobal
